
Microsoft Visual Studio Solution File, Format Version 12.00
# Visual Studio 15
VisualStudioVersion = 15.0.28307.539
MinimumVisualStudioVersion = 10.0.40219.1
Project("{FAE04EC0-301F-11D3-BF4B-00C04F79EFBC}") = "Actor.Demo.Interfaces", "Actor.Demo.Interfaces\Actor.Demo.Interfaces.csproj", "{32193E5E-441A-4C07-9F4D-C6808253AA11}"
EndProject
Project("{FAE04EC0-301F-11D3-BF4B-00C04F79EFBC}") = "Actor.Demo.Grains", "Actor.Demo.Grains\Actor.Demo.Grains.csproj", "{90E0D055-A4C4-48E2-8D37-6611755802C3}"
EndProject
Project("{FAE04EC0-301F-11D3-BF4B-00C04F79EFBC}") = "Actor.Demo.SiloHost", "Actor.Demo.SiloHost\Actor.Demo.SiloHost.csproj", "{AB5A6674-996F-484A-BD97-07D8FBC4CCB9}"
EndProject
Project("{FAE04EC0-301F-11D3-BF4B-00C04F79EFBC}") = "Actor.Demo.Client", "Actor.Demo.Client\Actor.Demo.Client.csproj", "{CD60846F-C896-44BE-84B9-4B73C6EB76D3}"
EndProject
Project("{2150E333-8FDC-42A3-9474-1A3956D46DE8}") = "Actor", "Actor", "{C1908E58-1F0D-4D1F-AC44-5D8B323578EF}"
EndProject
Project("{2150E333-8FDC-42A3-9474-1A3956D46DE8}") = "gRPC", "gRPC", "{F22C5776-7AC4-46BA-909F-A9F9E40F85BF}"
EndProject
Project("{FAE04EC0-301F-11D3-BF4B-00C04F79EFBC}") = "gRPC.Demo.Protocol", "gRPC.Demo.Protocol\gRPC.Demo.Protocol.csproj", "{4F7A050A-5F04-4E48-9B15-66231DE8FCA0}"
EndProject
Project("{FAE04EC0-301F-11D3-BF4B-00C04F79EFBC}") = "gRPC.Demo.Server", "gRPC.Demo.Server\gRPC.Demo.Server.csproj", "{1B02CF22-83E8-4B8B-B540-4976742AC84B}"
EndProject
Project("{FAE04EC0-301F-11D3-BF4B-00C04F79EFBC}") = "gRPC.Demo.Client", "gRPC.Demo.Client\gRPC.Demo.Client.csproj", "{B79B93CA-EEA4-4AFF-8DE4-BBF1E8946676}"
EndProject
Global
	GlobalSection(SolutionConfigurationPlatforms) = preSolution
		Debug|Any CPU = Debug|Any CPU
		Release|Any CPU = Release|Any CPU
	EndGlobalSection
	GlobalSection(ProjectConfigurationPlatforms) = postSolution
		{32193E5E-441A-4C07-9F4D-C6808253AA11}.Debug|Any CPU.ActiveCfg = Debug|Any CPU
		{32193E5E-441A-4C07-9F4D-C6808253AA11}.Debug|Any CPU.Build.0 = Debug|Any CPU
		{32193E5E-441A-4C07-9F4D-C6808253AA11}.Release|Any CPU.ActiveCfg = Release|Any CPU
		{32193E5E-441A-4C07-9F4D-C6808253AA11}.Release|Any CPU.Build.0 = Release|Any CPU
		{90E0D055-A4C4-48E2-8D37-6611755802C3}.Debug|Any CPU.ActiveCfg = Debug|Any CPU
		{90E0D055-A4C4-48E2-8D37-6611755802C3}.Debug|Any CPU.Build.0 = Debug|Any CPU
		{90E0D055-A4C4-48E2-8D37-6611755802C3}.Release|Any CPU.ActiveCfg = Release|Any CPU
		{90E0D055-A4C4-48E2-8D37-6611755802C3}.Release|Any CPU.Build.0 = Release|Any CPU
		{AB5A6674-996F-484A-BD97-07D8FBC4CCB9}.Debug|Any CPU.ActiveCfg = Debug|Any CPU
		{AB5A6674-996F-484A-BD97-07D8FBC4CCB9}.Debug|Any CPU.Build.0 = Debug|Any CPU
		{AB5A6674-996F-484A-BD97-07D8FBC4CCB9}.Release|Any CPU.ActiveCfg = Release|Any CPU
		{AB5A6674-996F-484A-BD97-07D8FBC4CCB9}.Release|Any CPU.Build.0 = Release|Any CPU
		{CD60846F-C896-44BE-84B9-4B73C6EB76D3}.Debug|Any CPU.ActiveCfg = Debug|Any CPU
		{CD60846F-C896-44BE-84B9-4B73C6EB76D3}.Debug|Any CPU.Build.0 = Debug|Any CPU
		{CD60846F-C896-44BE-84B9-4B73C6EB76D3}.Release|Any CPU.ActiveCfg = Release|Any CPU
		{CD60846F-C896-44BE-84B9-4B73C6EB76D3}.Release|Any CPU.Build.0 = Release|Any CPU
		{4F7A050A-5F04-4E48-9B15-66231DE8FCA0}.Debug|Any CPU.ActiveCfg = Debug|Any CPU
		{4F7A050A-5F04-4E48-9B15-66231DE8FCA0}.Debug|Any CPU.Build.0 = Debug|Any CPU
		{4F7A050A-5F04-4E48-9B15-66231DE8FCA0}.Release|Any CPU.ActiveCfg = Release|Any CPU
		{4F7A050A-5F04-4E48-9B15-66231DE8FCA0}.Release|Any CPU.Build.0 = Release|Any CPU
		{1B02CF22-83E8-4B8B-B540-4976742AC84B}.Debug|Any CPU.ActiveCfg = Debug|Any CPU
		{1B02CF22-83E8-4B8B-B540-4976742AC84B}.Debug|Any CPU.Build.0 = Debug|Any CPU
		{1B02CF22-83E8-4B8B-B540-4976742AC84B}.Release|Any CPU.ActiveCfg = Release|Any CPU
		{1B02CF22-83E8-4B8B-B540-4976742AC84B}.Release|Any CPU.Build.0 = Release|Any CPU
		{B79B93CA-EEA4-4AFF-8DE4-BBF1E8946676}.Debug|Any CPU.ActiveCfg = Debug|Any CPU
		{B79B93CA-EEA4-4AFF-8DE4-BBF1E8946676}.Debug|Any CPU.Build.0 = Debug|Any CPU
		{B79B93CA-EEA4-4AFF-8DE4-BBF1E8946676}.Release|Any CPU.ActiveCfg = Release|Any CPU
		{B79B93CA-EEA4-4AFF-8DE4-BBF1E8946676}.Release|Any CPU.Build.0 = Release|Any CPU
	EndGlobalSection
	GlobalSection(SolutionProperties) = preSolution
		HideSolutionNode = FALSE
	EndGlobalSection
	GlobalSection(NestedProjects) = preSolution
		{32193E5E-441A-4C07-9F4D-C6808253AA11} = {C1908E58-1F0D-4D1F-AC44-5D8B323578EF}
		{90E0D055-A4C4-48E2-8D37-6611755802C3} = {C1908E58-1F0D-4D1F-AC44-5D8B323578EF}
		{AB5A6674-996F-484A-BD97-07D8FBC4CCB9} = {C1908E58-1F0D-4D1F-AC44-5D8B323578EF}
		{CD60846F-C896-44BE-84B9-4B73C6EB76D3} = {C1908E58-1F0D-4D1F-AC44-5D8B323578EF}
		{4F7A050A-5F04-4E48-9B15-66231DE8FCA0} = {F22C5776-7AC4-46BA-909F-A9F9E40F85BF}
		{1B02CF22-83E8-4B8B-B540-4976742AC84B} = {F22C5776-7AC4-46BA-909F-A9F9E40F85BF}
		{B79B93CA-EEA4-4AFF-8DE4-BBF1E8946676} = {F22C5776-7AC4-46BA-909F-A9F9E40F85BF}
	EndGlobalSection
	GlobalSection(ExtensibilityGlobals) = postSolution
		SolutionGuid = {D75837A6-69D2-4C0D-8458-D3C772B0766E}
	EndGlobalSection
EndGlobal
